// !$*UTF8*$!
{
	archiveVersion = 1;
	classes = {
	};
	objectVersion = 110;
	objects = {

/* Begin PBXBuildFile section */
		55E1A14130732F0A000ECF0E /* WidgetKit.framework in Frameworks */ = {isa = PBXBuildFile; fileRef = 55E1A14030732F0A000ECF0E /* WidgetKit.framework */; };
		55E1A14330732F0A000ECF0E /* SwiftUI.framework in Frameworks */ = {isa = PBXBuildFile; fileRef = 55E1A14230732F0A000ECF0E /* SwiftUI.framework */; };
		55E1A15230732F0A000ECF0E /* ShiftClashWidgetExtension.appex in Embed Foundation Extensions */ = {isa = PBXBuildFile; fileRef = 55E1A13E30732F0A000ECF0E /* ShiftClashWidgetExtension.appex */; settings = {ATTRIBUTES = (RemoveHeadersOnCopy, ); }; };
		55E1A16730732F5B000ECF0E /* ShiftClashShare.appex in Embed Foundation Extensions */ = {isa = PBXBuildFile; fileRef = 55E1A15D30732F5B000ECF0E /* ShiftClashShare.appex */; settings = {ATTRIBUTES = (RemoveHeadersOnCopy, ); }; };
		55E1A17430733282000ECF0E /* AppGroup.swift in Sources */ = {isa = PBXBuildFile; fileRef = 55E1A17330733282000ECF0E /* AppGroup.swift */; };
		55E1A17530733282000ECF0E /* AppGroup.swift in Sources */ = {isa = PBXBuildFile; fileRef = 55E1A17330733282000ECF0E /* AppGroup.swift */; };
		55E1A17630733282000ECF0E /* AppGroup.swift in Sources */ = {isa = PBXBuildFile; fileRef = 55E1A17330733282000ECF0E /* AppGroup.swift */; };
		55E1A17730733282000ECF0E /* AppGroup.swift in Sources */ = {isa = PBXBuildFile; fileRef = 55E1A17330733282000ECF0E /* AppGroup.swift */; };
		55E1A17E307335BD000ECF0E /* Subject.swift in Sources */ = {isa = PBXBuildFile; fileRef = 55E1A17D307335BD000ECF0E /* Subject.swift */; };
		55E1A17F307335BD000ECF0E /* Subject.swift in Sources */ = {isa = PBXBuildFile; fileRef = 55E1A17D307335BD000ECF0E /* Subject.swift */; };
		55E1A180307335BD000ECF0E /* Subject.swift in Sources */ = {isa = PBXBuildFile; fileRef = 55E1A17D307335BD000ECF0E /* Subject.swift */; };
		55E1A181307335BD000ECF0E /* Subject.swift in Sources */ = {isa = PBXBuildFile; fileRef = 55E1A17D307335BD000ECF0E /* Subject.swift */; };
		55E1A18330733675000ECF0E /* AssessmentTask.swift in Sources */ = {isa = PBXBuildFile; fileRef = 55E1A18230733675000ECF0E /* AssessmentTask.swift */; };
		55E1A18430733675000ECF0E /* AssessmentTask.swift in Sources */ = {isa = PBXBuildFile; fileRef = 55E1A18230733675000ECF0E /* AssessmentTask.swift */; };
		55E1A18530733675000ECF0E /* AssessmentTask.swift in Sources */ = {isa = PBXBuildFile; fileRef = 55E1A18230733675000ECF0E /* AssessmentTask.swift */; };
		55E1A18630733675000ECF0E /* AssessmentTask.swift in Sources */ = {isa = PBXBuildFile; fileRef = 55E1A18230733675000ECF0E /* AssessmentTask.swift */; };
		55E1A188307336C3000ECF0E /* RosteredShift.swift in Sources */ = {isa = PBXBuildFile; fileRef = 55E1A187307336C3000ECF0E /* RosteredShift.swift */; };
		55E1A189307336C3000ECF0E /* RosteredShift.swift in Sources */ = {isa = PBXBuildFile; fileRef = 55E1A187307336C3000ECF0E /* RosteredShift.swift */; };
		55E1A18A307336C3000ECF0E /* RosteredShift.swift in Sources */ = {isa = PBXBuildFile; fileRef = 55E1A187307336C3000ECF0E /* RosteredShift.swift */; };
		55E1A18B307336C3000ECF0E /* RosteredShift.swift in Sources */ = {isa = PBXBuildFile; fileRef = 55E1A187307336C3000ECF0E /* RosteredShift.swift */; };
		55E1A18D30733706000ECF0E /* DeadlineClash.swift in Sources */ = {isa = PBXBuildFile; fileRef = 55E1A18C30733706000ECF0E /* DeadlineClash.swift */; };
		55E1A18E30733706000ECF0E /* DeadlineClash.swift in Sources */ = {isa = PBXBuildFile; fileRef = 55E1A18C30733706000ECF0E /* DeadlineClash.swift */; };
		55E1A18F30733706000ECF0E /* DeadlineClash.swift in Sources */ = {isa = PBXBuildFile; fileRef = 55E1A18C30733706000ECF0E /* DeadlineClash.swift */; };
		55E1A19030733706000ECF0E /* DeadlineClash.swift in Sources */ = {isa = PBXBuildFile; fileRef = 55E1A18C30733706000ECF0E /* DeadlineClash.swift */; };
		55E1A19230733786000ECF0E /* SharedRosterMessage.swift in Sources */ = {isa = PBXBuildFile; fileRef = 55E1A19130733786000ECF0E /* SharedRosterMessage.swift */; };
		55E1A19330733786000ECF0E /* SharedRosterMessage.swift in Sources */ = {isa = PBXBuildFile; fileRef = 55E1A19130733786000ECF0E /* SharedRosterMessage.swift */; };
		55E1A19430733786000ECF0E /* SharedRosterMessage.swift in Sources */ = {isa = PBXBuildFile; fileRef = 55E1A19130733786000ECF0E /* SharedRosterMessage.swift */; };
		55E1A19530733786000ECF0E /* SharedRosterMessage.swift in Sources */ = {isa = PBXBuildFile; fileRef = 55E1A19130733786000ECF0E /* SharedRosterMessage.swift */; };
		55E1A1973074B3E9000ECF0E /* ScheduleRepository.swift in Sources */ = {isa = PBXBuildFile; fileRef = 55E1A1963074B3E9000ECF0E /* ScheduleRepository.swift */; };
		55E1A1983074B3E9000ECF0E /* ScheduleRepository.swift in Sources */ = {isa = PBXBuildFile; fileRef = 55E1A1963074B3E9000ECF0E /* ScheduleRepository.swift */; };
		55E1A1993074B3E9000ECF0E /* ScheduleRepository.swift in Sources */ = {isa = PBXBuildFile; fileRef = 55E1A1963074B3E9000ECF0E /* ScheduleRepository.swift */; };
		55E1A19A3074B3E9000ECF0E /* ScheduleRepository.swift in Sources */ = {isa = PBXBuildFile; fileRef = 55E1A1963074B3E9000ECF0E /* ScheduleRepository.swift */; };
		55E1A19D3074B4E6000ECF0E /* ShiftClash.xcdatamodeld in Sources */ = {isa = PBXBuildFile; fileRef = 55E1A19B3074B4E6000ECF0E /* ShiftClash.xcdatamodeld */; };
		55E1A19E3074B4E6000ECF0E /* ShiftClash.xcdatamodeld in Sources */ = {isa = PBXBuildFile; fileRef = 55E1A19B3074B4E6000ECF0E /* ShiftClash.xcdatamodeld */; };
		55E1A19F3074B4E6000ECF0E /* ShiftClash.xcdatamodeld in Sources */ = {isa = PBXBuildFile; fileRef = 55E1A19B3074B4E6000ECF0E /* ShiftClash.xcdatamodeld */; };
		55E1A1A03074B4E6000ECF0E /* ShiftClash.xcdatamodeld in Sources */ = {isa = PBXBuildFile; fileRef = 55E1A19B3074B4E6000ECF0E /* ShiftClash.xcdatamodeld */; };
		55E1A1A23074BADE000ECF0E /* PersistenceController.swift in Sources */ = {isa = PBXBuildFile; fileRef = 55E1A1A13074BADE000ECF0E /* PersistenceController.swift */; };
		55E1A1A33074BADE000ECF0E /* PersistenceController.swift in Sources */ = {isa = PBXBuildFile; fileRef = 55E1A1A13074BADE000ECF0E /* PersistenceController.swift */; };
		55E1A1A43074BADE000ECF0E /* PersistenceController.swift in Sources */ = {isa = PBXBuildFile; fileRef = 55E1A1A13074BADE000ECF0E /* PersistenceController.swift */; };
		55E1A1A53074BADE000ECF0E /* PersistenceController.swift in Sources */ = {isa = PBXBuildFile; fileRef = 55E1A1A13074BADE000ECF0E /* PersistenceController.swift */; };
		55E1A1A73075288F000ECF0E /* CoreDataScheduleRepository.swift in Sources */ = {isa = PBXBuildFile; fileRef = 55E1A1A63075288F000ECF0E /* CoreDataScheduleRepository.swift */; };
		55E1A1A83075288F000ECF0E /* CoreDataScheduleRepository.swift in Sources */ = {isa = PBXBuildFile; fileRef = 55E1A1A63075288F000ECF0E /* CoreDataScheduleRepository.swift */; };
		55E1A1A93075288F000ECF0E /* CoreDataScheduleRepository.swift in Sources */ = {isa = PBXBuildFile; fileRef = 55E1A1A63075288F000ECF0E /* CoreDataScheduleRepository.swift */; };
		55E1A1AA3075288F000ECF0E /* CoreDataScheduleRepository.swift in Sources */ = {isa = PBXBuildFile; fileRef = 55E1A1A63075288F000ECF0E /* CoreDataScheduleRepository.swift */; };
		55E1A28A30761741000ECF0E /* SharedInboxStore.swift in Sources */ = {isa = PBXBuildFile; fileRef = 55E1A28930761741000ECF0E /* SharedInboxStore.swift */; };
		55E1A28B30761741000ECF0E /* SharedInboxStore.swift in Sources */ = {isa = PBXBuildFile; fileRef = 55E1A28930761741000ECF0E /* SharedInboxStore.swift */; };
		55E1A28C30761741000ECF0E /* SharedInboxStore.swift in Sources */ = {isa = PBXBuildFile; fileRef = 55E1A28930761741000ECF0E /* SharedInboxStore.swift */; };
		55E1A28D30761741000ECF0E /* SharedInboxStore.swift in Sources */ = {isa = PBXBuildFile; fileRef = 55E1A28930761741000ECF0E /* SharedInboxStore.swift */; };
/* End PBXBuildFile section */

/* Begin PBXContainerItemProxy section */
		55E1A10B3071DCB5000ECF0E /* PBXContainerItemProxy */ = {
			isa = PBXContainerItemProxy;
			containerPortal = 55E1A0F53071DCB4000ECF0E /* Project object */;
			proxyType = 1;
			remoteGlobalIDString = 55E1A0FC3071DCB4000ECF0E;
			remoteInfo = ShiftClash;
		};
		55E1A1153071DCB5000ECF0E /* PBXContainerItemProxy */ = {
			isa = PBXContainerItemProxy;
			containerPortal = 55E1A0F53071DCB4000ECF0E /* Project object */;
			proxyType = 1;
			remoteGlobalIDString = 55E1A0FC3071DCB4000ECF0E;
			remoteInfo = ShiftClash;
		};
		55E1A15030732F0A000ECF0E /* PBXContainerItemProxy */ = {
			isa = PBXContainerItemProxy;
			containerPortal = 55E1A0F53071DCB4000ECF0E /* Project object */;
			proxyType = 1;
			remoteGlobalIDString = 55E1A13D30732F0A000ECF0E;
			remoteInfo = ShiftClashWidgetExtension;
		};
		55E1A16530732F5B000ECF0E /* PBXContainerItemProxy */ = {
			isa = PBXContainerItemProxy;
			containerPortal = 55E1A0F53071DCB4000ECF0E /* Project object */;
			proxyType = 1;
			remoteGlobalIDString = 55E1A15C30732F5B000ECF0E;
			remoteInfo = ShiftClashShare;
		};
/* End PBXContainerItemProxy section */

/* Begin PBXCopyFilesBuildPhase section */
		55E1A15730732F0A000ECF0E /* Embed Foundation Extensions */ = {
			isa = PBXCopyFilesBuildPhase;
			dstPath = "";
			dstSubfolder = PlugIns;
			files = (
				55E1A15230732F0A000ECF0E /* ShiftClashWidgetExtension.appex in Embed Foundation Extensions */,
				55E1A16730732F5B000ECF0E /* ShiftClashShare.appex in Embed Foundation Extensions */,
			);
			name = "Embed Foundation Extensions";
		};
/* End PBXCopyFilesBuildPhase section */

/* Begin PBXFileReference section */
		55E1A0FD3071DCB4000ECF0E /* ShiftClash.app */ = {isa = PBXFileReference; explicitFileType = wrapper.application; includeInIndex = 0; path = ShiftClash.app; sourceTree = BUILT_PRODUCTS_DIR; };
		55E1A10A3071DCB5000ECF0E /* ShiftClashTests.xctest */ = {isa = PBXFileReference; explicitFileType = wrapper.cfbundle; includeInIndex = 0; path = ShiftClashTests.xctest; sourceTree = BUILT_PRODUCTS_DIR; };
		55E1A1143071DCB5000ECF0E /* ShiftClashUITests.xctest */ = {isa = PBXFileReference; explicitFileType = wrapper.cfbundle; includeInIndex = 0; path = ShiftClashUITests.xctest; sourceTree = BUILT_PRODUCTS_DIR; };
		55E1A13E30732F0A000ECF0E /* ShiftClashWidgetExtension.appex */ = {isa = PBXFileReference; explicitFileType = "wrapper.app-extension"; includeInIndex = 0; path = ShiftClashWidgetExtension.appex; sourceTree = BUILT_PRODUCTS_DIR; };
		55E1A14030732F0A000ECF0E /* WidgetKit.framework */ = {isa = PBXFileReference; lastKnownFileType = wrapper.framework; name = WidgetKit.framework; path = System/Library/Frameworks/WidgetKit.framework; sourceTree = SDKROOT; };
		55E1A14230732F0A000ECF0E /* SwiftUI.framework */ = {isa = PBXFileReference; lastKnownFileType = wrapper.framework; name = SwiftUI.framework; path = System/Library/Frameworks/SwiftUI.framework; sourceTree = SDKROOT; };
		55E1A15830732F33000ECF0E /* ShiftClashWidgetExtension.entitlements */ = {isa = PBXFileReference; lastKnownFileType = text.plist.entitlements; path = ShiftClashWidgetExtension.entitlements; sourceTree = "<group>"; };
		55E1A15D30732F5B000ECF0E /* ShiftClashShare.appex */ = {isa = PBXFileReference; explicitFileType = "wrapper.app-extension"; includeInIndex = 0; path = ShiftClashShare.appex; sourceTree = BUILT_PRODUCTS_DIR; };
		55E1A17330733282000ECF0E /* AppGroup.swift */ = {isa = PBXFileReference; lastKnownFileType = sourcecode.swift; path = AppGroup.swift; sourceTree = "<group>"; };
		55E1A17D307335BD000ECF0E /* Subject.swift */ = {isa = PBXFileReference; lastKnownFileType = sourcecode.swift; path = Subject.swift; sourceTree = "<group>"; };
		55E1A18230733675000ECF0E /* AssessmentTask.swift */ = {isa = PBXFileReference; lastKnownFileType = sourcecode.swift; path = AssessmentTask.swift; sourceTree = "<group>"; };
		55E1A187307336C3000ECF0E /* RosteredShift.swift */ = {isa = PBXFileReference; lastKnownFileType = sourcecode.swift; path = RosteredShift.swift; sourceTree = "<group>"; };
		55E1A18C30733706000ECF0E /* DeadlineClash.swift */ = {isa = PBXFileReference; lastKnownFileType = sourcecode.swift; path = DeadlineClash.swift; sourceTree = "<group>"; };
		55E1A19130733786000ECF0E /* SharedRosterMessage.swift */ = {isa = PBXFileReference; lastKnownFileType = sourcecode.swift; path = SharedRosterMessage.swift; sourceTree = "<group>"; };
		55E1A1963074B3E9000ECF0E /* ScheduleRepository.swift */ = {isa = PBXFileReference; lastKnownFileType = sourcecode.swift; path = ScheduleRepository.swift; sourceTree = "<group>"; };
		55E1A19C3074B4E6000ECF0E /* ShiftClash.xcdatamodel */ = {isa = PBXFileReference; lastKnownFileType = wrapper.xcdatamodel; path = ShiftClash.xcdatamodel; sourceTree = "<group>"; };
		55E1A1A13074BADE000ECF0E /* PersistenceController.swift */ = {isa = PBXFileReference; lastKnownFileType = sourcecode.swift; path = PersistenceController.swift; sourceTree = "<group>"; };
		55E1A1A63075288F000ECF0E /* CoreDataScheduleRepository.swift */ = {isa = PBXFileReference; lastKnownFileType = sourcecode.swift; path = CoreDataScheduleRepository.swift; sourceTree = "<group>"; };
		55E1A28930761741000ECF0E /* SharedInboxStore.swift */ = {isa = PBXFileReference; lastKnownFileType = sourcecode.swift; path = SharedInboxStore.swift; sourceTree = "<group>"; };
/* End PBXFileReference section */

/* Begin PBXFileSystemSynchronizedBuildFileExceptionSet section */
		55E1A15330732F0A000ECF0E /* Exceptions for "ShiftClashWidget" folder in "ShiftClashWidgetExtension" target */ = {
			isa = PBXFileSystemSynchronizedBuildFileExceptionSet;
			membershipExceptions = (
				Info.plist,
			);
			target = 55E1A13D30732F0A000ECF0E /* ShiftClashWidgetExtension */;
		};
		55E1A16830732F5B000ECF0E /* Exceptions for "ShiftClashShare" folder in "ShiftClashShare" target */ = {
			isa = PBXFileSystemSynchronizedBuildFileExceptionSet;
			membershipExceptions = (
				Info.plist,
			);
			target = 55E1A15C30732F5B000ECF0E /* ShiftClashShare */;
		};
		55E1A2173075327C000ECF0E /* Exceptions for "ShiftClash" folder in "ShiftClashTests" target */ = {
			isa = PBXFileSystemSynchronizedBuildFileExceptionSet;
			membershipExceptions = (
				UseCases/AddRosteredShift.swift,
				UseCases/DetectDeadlineClashes.swift,
				UseCases/ScheduleAssessmentTask.swift,
				UseCases/SubmitAssessmentTask.swift,
			);
			target = 55E1A1093071DCB5000ECF0E /* ShiftClashTests */;
		};
		55E1A21F307532A4000ECF0E /* Exceptions for "ShiftClash" folder in "ShiftClashWidgetExtension" target */ = {
			isa = PBXFileSystemSynchronizedBuildFileExceptionSet;
			membershipExceptions = (
				UseCases/DetectDeadlineClashes.swift,
			);
			target = 55E1A13D30732F0A000ECF0E /* ShiftClashWidgetExtension */;
		};
/* End PBXFileSystemSynchronizedBuildFileExceptionSet section */

/* Begin PBXFileSystemSynchronizedRootGroup section */
		55E1A0FF3071DCB4000ECF0E /* ShiftClash */ = {
			isa = PBXFileSystemSynchronizedRootGroup;
			exceptions = (
				55E1A2173075327C000ECF0E /* Exceptions for "ShiftClash" folder in "ShiftClashTests" target */,
				55E1A21F307532A4000ECF0E /* Exceptions for "ShiftClash" folder in "ShiftClashWidgetExtension" target */,
			);
			path = ShiftClash;
			sourceTree = "<group>";
		};
		55E1A10D3071DCB5000ECF0E /* ShiftClashTests */ = {
			isa = PBXFileSystemSynchronizedRootGroup;
			path = ShiftClashTests;
			sourceTree = "<group>";
		};
		55E1A1173071DCB5000ECF0E /* ShiftClashUITests */ = {
			isa = PBXFileSystemSynchronizedRootGroup;
			path = ShiftClashUITests;
			sourceTree = "<group>";
		};
		55E1A14430732F0A000ECF0E /* ShiftClashWidget */ = {
			isa = PBXFileSystemSynchronizedRootGroup;
			exceptions = (
				55E1A15330732F0A000ECF0E /* Exceptions for "ShiftClashWidget" folder in "ShiftClashWidgetExtension" target */,
			);
			path = ShiftClashWidget;
			sourceTree = "<group>";
		};
		55E1A15E30732F5B000ECF0E /* ShiftClashShare */ = {
			isa = PBXFileSystemSynchronizedRootGroup;
			exceptions = (
				55E1A16830732F5B000ECF0E /* Exceptions for "ShiftClashShare" folder in "ShiftClashShare" target */,
			);
			path = ShiftClashShare;
			sourceTree = "<group>";
		};
/* End PBXFileSystemSynchronizedRootGroup section */

/* Begin PBXFrameworksBuildPhase section */
		55E1A0FA3071DCB4000ECF0E /* Frameworks */ = {
			isa = PBXFrameworksBuildPhase;
			files = (
			);
		};
		55E1A1073071DCB5000ECF0E /* Frameworks */ = {
			isa = PBXFrameworksBuildPhase;
			files = (
			);
		};
		55E1A1113071DCB5000ECF0E /* Frameworks */ = {
			isa = PBXFrameworksBuildPhase;
			files = (
			);
		};
		55E1A13B30732F0A000ECF0E /* Frameworks */ = {
			isa = PBXFrameworksBuildPhase;
			files = (
				55E1A14330732F0A000ECF0E /* SwiftUI.framework in Frameworks */,
				55E1A14130732F0A000ECF0E /* WidgetKit.framework in Frameworks */,
			);
		};
		55E1A15A30732F5B000ECF0E /* Frameworks */ = {
			isa = PBXFrameworksBuildPhase;
			files = (
			);
		};
/* End PBXFrameworksBuildPhase section */

/* Begin PBXGroup section */
		55E1A0F43071DCB4000ECF0E = {
			isa = PBXGroup;
			children = (
				55E1A16D307331D2000ECF0E /* Shared */,
				55E1A15830732F33000ECF0E /* ShiftClashWidgetExtension.entitlements */,
				55E1A0FF3071DCB4000ECF0E /* ShiftClash */,
				55E1A10D3071DCB5000ECF0E /* ShiftClashTests */,
				55E1A1173071DCB5000ECF0E /* ShiftClashUITests */,
				55E1A14430732F0A000ECF0E /* ShiftClashWidget */,
				55E1A15E30732F5B000ECF0E /* ShiftClashShare */,
				55E1A13F30732F0A000ECF0E /* Frameworks */,
				55E1A0FE3071DCB4000ECF0E /* Products */,
			);
			sourceTree = "<group>";
		};
		55E1A0FE3071DCB4000ECF0E /* Products */ = {
			isa = PBXGroup;
			children = (
				55E1A0FD3071DCB4000ECF0E /* ShiftClash.app */,
				55E1A10A3071DCB5000ECF0E /* ShiftClashTests.xctest */,
				55E1A1143071DCB5000ECF0E /* ShiftClashUITests.xctest */,
				55E1A13E30732F0A000ECF0E /* ShiftClashWidgetExtension.appex */,
				55E1A15D30732F5B000ECF0E /* ShiftClashShare.appex */,
			);
			name = Products;
			sourceTree = "<group>";
		};
		55E1A13F30732F0A000ECF0E /* Frameworks */ = {
			isa = PBXGroup;
			children = (
				55E1A14030732F0A000ECF0E /* WidgetKit.framework */,
				55E1A14230732F0A000ECF0E /* SwiftUI.framework */,
			);
			name = Frameworks;
			sourceTree = "<group>";
		};
		55E1A16D307331D2000ECF0E /* Shared */ = {
			isa = PBXGroup;
			children = (
				55E1A17030733200000ECF0E /* Repositories */,
				55E1A16F307331F6000ECF0E /* Persistence */,
				55E1A16E307331E6000ECF0E /* Domain */,
				55E1A17330733282000ECF0E /* AppGroup.swift */,
			);
			path = Shared;
			sourceTree = "<group>";
		};
		55E1A16E307331E6000ECF0E /* Domain */ = {
			isa = PBXGroup;
			children = (
				55E1A17D307335BD000ECF0E /* Subject.swift */,
				55E1A18230733675000ECF0E /* AssessmentTask.swift */,
				55E1A187307336C3000ECF0E /* RosteredShift.swift */,
				55E1A18C30733706000ECF0E /* DeadlineClash.swift */,
				55E1A19130733786000ECF0E /* SharedRosterMessage.swift */,
			);
			path = Domain;
			sourceTree = "<group>";
		};
		55E1A16F307331F6000ECF0E /* Persistence */ = {
			isa = PBXGroup;
			children = (
				55E1A19B3074B4E6000ECF0E /* ShiftClash.xcdatamodeld */,
				55E1A1A13074BADE000ECF0E /* PersistenceController.swift */,
				55E1A1A63075288F000ECF0E /* CoreDataScheduleRepository.swift */,
			);
			path = Persistence;
			sourceTree = "<group>";
		};
		55E1A17030733200000ECF0E /* Repositories */ = {
			isa = PBXGroup;
			children = (
				55E1A1963074B3E9000ECF0E /* ScheduleRepository.swift */,
				55E1A28930761741000ECF0E /* SharedInboxStore.swift */,
			);
			path = Repositories;
			sourceTree = "<group>";
		};
/* End PBXGroup section */

/* Begin PBXNativeTarget section */
		55E1A0FC3071DCB4000ECF0E /* ShiftClash */ = {
			isa = PBXNativeTarget;
			buildConfigurationList = 55E1A11C3071DCB5000ECF0E /* Build configuration list for PBXNativeTarget "ShiftClash" */;
			buildPhases = (
				55E1A0F93071DCB4000ECF0E /* Sources */,
				55E1A0FA3071DCB4000ECF0E /* Frameworks */,
				55E1A0FB3071DCB4000ECF0E /* Resources */,
				55E1A15730732F0A000ECF0E /* Embed Foundation Extensions */,
			);
			buildRules = (
			);
			dependencies = (
				55E1A15130732F0A000ECF0E /* PBXTargetDependency */,
				55E1A16630732F5B000ECF0E /* PBXTargetDependency */,
			);
			fileSystemSynchronizedGroups = (
				55E1A0FF3071DCB4000ECF0E /* ShiftClash */,
			);
			name = ShiftClash;
			productName = ShiftClash;
			productReference = 55E1A0FD3071DCB4000ECF0E /* ShiftClash.app */;
			productType = "com.apple.product-type.application";
		};
		55E1A1093071DCB5000ECF0E /* ShiftClashTests */ = {
			isa = PBXNativeTarget;
			buildConfigurationList = 55E1A11F3071DCB5000ECF0E /* Build configuration list for PBXNativeTarget "ShiftClashTests" */;
			buildPhases = (
				55E1A1063071DCB5000ECF0E /* Sources */,
				55E1A1073071DCB5000ECF0E /* Frameworks */,
				55E1A1083071DCB5000ECF0E /* Resources */,
			);
			buildRules = (
			);
			dependencies = (
				55E1A10C3071DCB5000ECF0E /* PBXTargetDependency */,
			);
			fileSystemSynchronizedGroups = (
				55E1A10D3071DCB5000ECF0E /* ShiftClashTests */,
			);
			name = ShiftClashTests;
			productName = ShiftClashTests;
			productReference = 55E1A10A3071DCB5000ECF0E /* ShiftClashTests.xctest */;
			productType = "com.apple.product-type.bundle.unit-test";
		};
		55E1A1133071DCB5000ECF0E /* ShiftClashUITests */ = {
			isa = PBXNativeTarget;
			buildConfigurationList = 55E1A1223071DCB5000ECF0E /* Build configuration list for PBXNativeTarget "ShiftClashUITests" */;
			buildPhases = (
				55E1A1103071DCB5000ECF0E /* Sources */,
				55E1A1113071DCB5000ECF0E /* Frameworks */,
				55E1A1123071DCB5000ECF0E /* Resources */,
			);
			buildRules = (
			);
			dependencies = (
				55E1A1163071DCB5000ECF0E /* PBXTargetDependency */,
			);
			fileSystemSynchronizedGroups = (
				55E1A1173071DCB5000ECF0E /* ShiftClashUITests */,
			);
			name = ShiftClashUITests;
			productName = ShiftClashUITests;
			productReference = 55E1A1143071DCB5000ECF0E /* ShiftClashUITests.xctest */;
			productType = "com.apple.product-type.bundle.ui-testing";
		};
		55E1A13D30732F0A000ECF0E /* ShiftClashWidgetExtension */ = {
			isa = PBXNativeTarget;
			buildConfigurationList = 55E1A15430732F0A000ECF0E /* Build configuration list for PBXNativeTarget "ShiftClashWidgetExtension" */;
			buildPhases = (
				55E1A13A30732F0A000ECF0E /* Sources */,
				55E1A13B30732F0A000ECF0E /* Frameworks */,
				55E1A13C30732F0A000ECF0E /* Resources */,
			);
			buildRules = (
			);
			fileSystemSynchronizedGroups = (
				55E1A14430732F0A000ECF0E /* ShiftClashWidget */,
			);
			name = ShiftClashWidgetExtension;
			productName = ShiftClashWidgetExtension;
			productReference = 55E1A13E30732F0A000ECF0E /* ShiftClashWidgetExtension.appex */;
			productType = "com.apple.product-type.app-extension";
		};
		55E1A15C30732F5B000ECF0E /* ShiftClashShare */ = {
			isa = PBXNativeTarget;
			buildConfigurationList = 55E1A16930732F5B000ECF0E /* Build configuration list for PBXNativeTarget "ShiftClashShare" */;
			buildPhases = (
				55E1A15930732F5B000ECF0E /* Sources */,
				55E1A15A30732F5B000ECF0E /* Frameworks */,
				55E1A15B30732F5B000ECF0E /* Resources */,
			);
			buildRules = (
			);
			fileSystemSynchronizedGroups = (
				55E1A15E30732F5B000ECF0E /* ShiftClashShare */,
			);
			name = ShiftClashShare;
			productName = ShiftClashShare;
			productReference = 55E1A15D30732F5B000ECF0E /* ShiftClashShare.appex */;
			productType = "com.apple.product-type.app-extension";
		};
/* End PBXNativeTarget section */

/* Begin PBXProject section */
		55E1A0F53071DCB4000ECF0E /* Project object */ = {
			isa = PBXProject;
			attributes = {
				BuildIndependentTargetsInParallel = 1;
				LastSwiftUpdateCheck = 2700;
				LastUpgradeCheck = 2700;
				TargetAttributes = {
					55E1A0FC3071DCB4000ECF0E = {
						CreatedOnToolsVersion = 27.0;
					};
					55E1A1093071DCB5000ECF0E = {
						CreatedOnToolsVersion = 27.0;
						TestTargetID = 55E1A0FC3071DCB4000ECF0E;
					};
					55E1A1133071DCB5000ECF0E = {
						CreatedOnToolsVersion = 27.0;
						TestTargetID = 55E1A0FC3071DCB4000ECF0E;
					};
					55E1A13D30732F0A000ECF0E = {
						CreatedOnToolsVersion = 27.0;
					};
					55E1A15C30732F5B000ECF0E = {
						CreatedOnToolsVersion = 27.0;
					};
				};
			};
			buildConfigurationList = 55E1A0F83071DCB4000ECF0E /* Build configuration list for PBXProject "ShiftClash" */;
			developmentRegion = en;
			hasScannedForEncodings = 0;
			knownRegions = (
				en,
				Base,
			);
			mainGroup = 55E1A0F43071DCB4000ECF0E;
			minimizedProjectReferenceProxies = 1;
			preferredProjectObjectVersion = 77;
			productRefGroup = 55E1A0FE3071DCB4000ECF0E /* Products */;
			projectDirPath = "";
			projectRoot = "";
			targets = (
				55E1A0FC3071DCB4000ECF0E /* ShiftClash */,
				55E1A1093071DCB5000ECF0E /* ShiftClashTests */,
				55E1A1133071DCB5000ECF0E /* ShiftClashUITests */,
				55E1A13D30732F0A000ECF0E /* ShiftClashWidgetExtension */,
				55E1A15C30732F5B000ECF0E /* ShiftClashShare */,
			);
		};
/* End PBXProject section */

/* Begin PBXResourcesBuildPhase section */
		55E1A0FB3071DCB4000ECF0E /* Resources */ = {
			isa = PBXResourcesBuildPhase;
			files = (
			);
		};
		55E1A1083071DCB5000ECF0E /* Resources */ = {
			isa = PBXResourcesBuildPhase;
			files = (
			);
		};
		55E1A1123071DCB5000ECF0E /* Resources */ = {
			isa = PBXResourcesBuildPhase;
			files = (
			);
		};
		55E1A13C30732F0A000ECF0E /* Resources */ = {
			isa = PBXResourcesBuildPhase;
			files = (
			);
		};
		55E1A15B30732F5B000ECF0E /* Resources */ = {
			isa = PBXResourcesBuildPhase;
			files = (
			);
		};
/* End PBXResourcesBuildPhase section */

/* Begin PBXSourcesBuildPhase section */
		55E1A0F93071DCB4000ECF0E /* Sources */ = {
			isa = PBXSourcesBuildPhase;
			files = (
				55E1A1973074B3E9000ECF0E /* ScheduleRepository.swift in Sources */,
				55E1A17F307335BD000ECF0E /* Subject.swift in Sources */,
				55E1A1A03074B4E6000ECF0E /* ShiftClash.xcdatamodeld in Sources */,
				55E1A18630733675000ECF0E /* AssessmentTask.swift in Sources */,
				55E1A1A23074BADE000ECF0E /* PersistenceController.swift in Sources */,
				55E1A18F30733706000ECF0E /* DeadlineClash.swift in Sources */,
				55E1A189307336C3000ECF0E /* RosteredShift.swift in Sources */,
				55E1A17430733282000ECF0E /* AppGroup.swift in Sources */,
				55E1A28C30761741000ECF0E /* SharedInboxStore.swift in Sources */,
				55E1A1AA3075288F000ECF0E /* CoreDataScheduleRepository.swift in Sources */,
				55E1A19230733786000ECF0E /* SharedRosterMessage.swift in Sources */,
			);
		};
		55E1A1063071DCB5000ECF0E /* Sources */ = {
			isa = PBXSourcesBuildPhase;
			files = (
				55E1A19A3074B3E9000ECF0E /* ScheduleRepository.swift in Sources */,
				55E1A19530733786000ECF0E /* SharedRosterMessage.swift in Sources */,
				55E1A18430733675000ECF0E /* AssessmentTask.swift in Sources */,
				55E1A19D3074B4E6000ECF0E /* ShiftClash.xcdatamodeld in Sources */,
				55E1A18B307336C3000ECF0E /* RosteredShift.swift in Sources */,
				55E1A18D30733706000ECF0E /* DeadlineClash.swift in Sources */,
				55E1A1A83075288F000ECF0E /* CoreDataScheduleRepository.swift in Sources */,
				55E1A180307335BD000ECF0E /* Subject.swift in Sources */,
				55E1A17530733282000ECF0E /* AppGroup.swift in Sources */,
				55E1A28A30761741000ECF0E /* SharedInboxStore.swift in Sources */,
				55E1A1A33074BADE000ECF0E /* PersistenceController.swift in Sources */,
			);
		};
		55E1A1103071DCB5000ECF0E /* Sources */ = {
			isa = PBXSourcesBuildPhase;
			files = (
			);
		};
		55E1A13A30732F0A000ECF0E /* Sources */ = {
			isa = PBXSourcesBuildPhase;
			files = (
				55E1A19F3074B4E6000ECF0E /* ShiftClash.xcdatamodeld in Sources */,
				55E1A1993074B3E9000ECF0E /* ScheduleRepository.swift in Sources */,
				55E1A19030733706000ECF0E /* DeadlineClash.swift in Sources */,
				55E1A17630733282000ECF0E /* AppGroup.swift in Sources */,
				55E1A28B30761741000ECF0E /* SharedInboxStore.swift in Sources */,
				55E1A18330733675000ECF0E /* AssessmentTask.swift in Sources */,
				55E1A19330733786000ECF0E /* SharedRosterMessage.swift in Sources */,
				55E1A18A307336C3000ECF0E /* RosteredShift.swift in Sources */,
				55E1A1A93075288F000ECF0E /* CoreDataScheduleRepository.swift in Sources */,
				55E1A1A53074BADE000ECF0E /* PersistenceController.swift in Sources */,
				55E1A17E307335BD000ECF0E /* Subject.swift in Sources */,
			);
		};
		55E1A15930732F5B000ECF0E /* Sources */ = {
			isa = PBXSourcesBuildPhase;
			files = (
				55E1A1983074B3E9000ECF0E /* ScheduleRepository.swift in Sources */,
				55E1A19430733786000ECF0E /* SharedRosterMessage.swift in Sources */,
				55E1A18530733675000ECF0E /* AssessmentTask.swift in Sources */,
				55E1A19E3074B4E6000ECF0E /* ShiftClash.xcdatamodeld in Sources */,
				55E1A28D30761741000ECF0E /* SharedInboxStore.swift in Sources */,
				55E1A188307336C3000ECF0E /* RosteredShift.swift in Sources */,
				55E1A18E30733706000ECF0E /* DeadlineClash.swift in Sources */,
				55E1A1A73075288F000ECF0E /* CoreDataScheduleRepository.swift in Sources */,
				55E1A181307335BD000ECF0E /* Subject.swift in Sources */,
				55E1A17730733282000ECF0E /* AppGroup.swift in Sources */,
				55E1A1A43074BADE000ECF0E /* PersistenceController.swift in Sources */,
			);
		};
/* End PBXSourcesBuildPhase section */

/* Begin PBXTargetDependency section */
		55E1A10C3071DCB5000ECF0E /* PBXTargetDependency */ = {
			isa = PBXTargetDependency;
			target = 55E1A0FC3071DCB4000ECF0E /* ShiftClash */;
			targetProxy = 55E1A10B3071DCB5000ECF0E /* PBXContainerItemProxy */;
		};
		55E1A1163071DCB5000ECF0E /* PBXTargetDependency */ = {
			isa = PBXTargetDependency;
			target = 55E1A0FC3071DCB4000ECF0E /* ShiftClash */;
			targetProxy = 55E1A1153071DCB5000ECF0E /* PBXContainerItemProxy */;
		};
		55E1A15130732F0A000ECF0E /* PBXTargetDependency */ = {
			isa = PBXTargetDependency;
			target = 55E1A13D30732F0A000ECF0E /* ShiftClashWidgetExtension */;
			targetProxy = 55E1A15030732F0A000ECF0E /* PBXContainerItemProxy */;
		};
		55E1A16630732F5B000ECF0E /* PBXTargetDependency */ = {
			isa = PBXTargetDependency;
			target = 55E1A15C30732F5B000ECF0E /* ShiftClashShare */;
			targetProxy = 55E1A16530732F5B000ECF0E /* PBXContainerItemProxy */;
		};
/* End PBXTargetDependency section */

/* Begin XCBuildConfiguration section */
		55E1A11A3071DCB5000ECF0E /* Debug configuration for PBXProject "ShiftClash" */ = {
			isa = XCBuildConfiguration;
			buildSettings = {
				ALWAYS_SEARCH_USER_PATHS = NO;
				ASSETCATALOG_COMPILER_GENERATE_SWIFT_ASSET_SYMBOL_EXTENSIONS = YES;
				CLANG_ANALYZER_NONNULL = YES;
				CLANG_ANALYZER_NUMBER_OBJECT_CONVERSION = YES_AGGRESSIVE;
				CLANG_CXX_LANGUAGE_STANDARD = "gnu++20";
				CLANG_ENABLE_MODULES = YES;
				CLANG_ENABLE_OBJC_ARC = YES;
				CLANG_ENABLE_OBJC_WEAK = YES;
				CLANG_WARN_BLOCK_CAPTURE_AUTORELEASING = YES;
				CLANG_WARN_BOOL_CONVERSION = YES;
				CLANG_WARN_COMMA = YES;
				CLANG_WARN_CONSTANT_CONVERSION = YES;
				CLANG_WARN_DEPRECATED_OBJC_IMPLEMENTATIONS = YES;
				CLANG_WARN_DIRECT_OBJC_ISA_USAGE = YES_ERROR;
				CLANG_WARN_DOCUMENTATION_COMMENTS = YES;
				CLANG_WARN_EMPTY_BODY = YES;
				CLANG_WARN_ENUM_CONVERSION = YES;
				CLANG_WARN_INFINITE_RECURSION = YES;
				CLANG_WARN_INT_CONVERSION = YES;
				CLANG_WARN_NON_LITERAL_NULL_CONVERSION = YES;
				CLANG_WARN_OBJC_IMPLICIT_RETAIN_SELF = YES;
				CLANG_WARN_OBJC_LITERAL_CONVERSION = YES;
				CLANG_WARN_OBJC_ROOT_CLASS = YES_ERROR;
				CLANG_WARN_QUOTED_INCLUDE_IN_FRAMEWORK_HEADER = YES;
				CLANG_WARN_RANGE_LOOP_ANALYSIS = YES;
				CLANG_WARN_STRICT_PROTOTYPES = YES;
				CLANG_WARN_SUSPICIOUS_MOVE = YES;
				CLANG_WARN_UNGUARDED_AVAILABILITY = YES_AGGRESSIVE;
				CLANG_WARN_UNREACHABLE_CODE = YES;
				CLANG_WARN__DUPLICATE_METHOD_MATCH = YES;
				COPY_PHASE_STRIP = NO;
				DEBUG_INFORMATION_FORMAT = dwarf;
				DEVELOPMENT_TEAM = WVMW9Y3Y82;
				ENABLE_STRICT_OBJC_MSGSEND = YES;
				ENABLE_TESTABILITY = YES;
				ENABLE_USER_SCRIPT_SANDBOXING = YES;
				GCC_C_LANGUAGE_STANDARD = gnu17;
				GCC_DYNAMIC_NO_PIC = NO;
				GCC_NO_COMMON_BLOCKS = YES;
				GCC_OPTIMIZATION_LEVEL = 0;
				GCC_PREPROCESSOR_DEFINITIONS = (
					"DEBUG=1",
					"$(inherited)",
				);
				GCC_WARN_64_TO_32_BIT_CONVERSION = YES;
				GCC_WARN_ABOUT_RETURN_TYPE = YES_ERROR;
				GCC_WARN_UNDECLARED_SELECTOR = YES;
				GCC_WARN_UNINITIALIZED_AUTOS = YES_AGGRESSIVE;
				GCC_WARN_UNUSED_FUNCTION = YES;
				GCC_WARN_UNUSED_VARIABLE = YES;
				IPHONEOS_DEPLOYMENT_TARGET = 27.0;
				LOCALIZATION_PREFERS_STRING_CATALOGS = YES;
				MTL_ENABLE_DEBUG_INFO = INCLUDE_SOURCE;
				MTL_FAST_MATH = YES;
				ONLY_ACTIVE_ARCH = YES;
				SDKROOT = iphoneos;
				SWIFT_ACTIVE_COMPILATION_CONDITIONS = "DEBUG $(inherited)";
				SWIFT_OPTIMIZATION_LEVEL = "-Onone";
			};
			name = Debug;
		};
		55E1A11B3071DCB5000ECF0E /* Release configuration for PBXProject "ShiftClash" */ = {
			isa = XCBuildConfiguration;
			buildSettings = {
				ALWAYS_SEARCH_USER_PATHS = NO;
				ASSETCATALOG_COMPILER_GENERATE_SWIFT_ASSET_SYMBOL_EXTENSIONS = YES;
				CLANG_ANALYZER_NONNULL = YES;
				CLANG_ANALYZER_NUMBER_OBJECT_CONVERSION = YES_AGGRESSIVE;
				CLANG_CXX_LANGUAGE_STANDARD = "gnu++20";
				CLANG_ENABLE_MODULES = YES;
				CLANG_ENABLE_OBJC_ARC = YES;
				CLANG_ENABLE_OBJC_WEAK = YES;
				CLANG_WARN_BLOCK_CAPTURE_AUTORELEASING = YES;
				CLANG_WARN_BOOL_CONVERSION = YES;
				CLANG_WARN_COMMA = YES;
				CLANG_WARN_CONSTANT_CONVERSION = YES;
				CLANG_WARN_DEPRECATED_OBJC_IMPLEMENTATIONS = YES;
				CLANG_WARN_DIRECT_OBJC_ISA_USAGE = YES_ERROR;
				CLANG_WARN_DOCUMENTATION_COMMENTS = YES;
				CLANG_WARN_EMPTY_BODY = YES;
				CLANG_WARN_ENUM_CONVERSION = YES;
				CLANG_WARN_INFINITE_RECURSION = YES;
				CLANG_WARN_INT_CONVERSION = YES;
				CLANG_WARN_NON_LITERAL_NULL_CONVERSION = YES;
				CLANG_WARN_OBJC_IMPLICIT_RETAIN_SELF = YES;
				CLANG_WARN_OBJC_LITERAL_CONVERSION = YES;
				CLANG_WARN_OBJC_ROOT_CLASS = YES_ERROR;
				CLANG_WARN_QUOTED_INCLUDE_IN_FRAMEWORK_HEADER = YES;
				CLANG_WARN_RANGE_LOOP_ANALYSIS = YES;
				CLANG_WARN_STRICT_PROTOTYPES = YES;
				CLANG_WARN_SUSPICIOUS_MOVE = YES;
				CLANG_WARN_UNGUARDED_AVAILABILITY = YES_AGGRESSIVE;
				CLANG_WARN_UNREACHABLE_CODE = YES;
				CLANG_WARN__DUPLICATE_METHOD_MATCH = YES;
				COPY_PHASE_STRIP = NO;
				DEBUG_INFORMATION_FORMAT = "dwarf-with-dsym";
				DEVELOPMENT_TEAM = WVMW9Y3Y82;
				ENABLE_NS_ASSERTIONS = NO;
				ENABLE_STRICT_OBJC_MSGSEND = YES;
				ENABLE_USER_SCRIPT_SANDBOXING = YES;
				GCC_C_LANGUAGE_STANDARD = gnu17;
				GCC_NO_COMMON_BLOCKS = YES;
				GCC_WARN_64_TO_32_BIT_CONVERSION = YES;
				GCC_WARN_ABOUT_RETURN_TYPE = YES_ERROR;
				GCC_WARN_UNDECLARED_SELECTOR = YES;
				GCC_WARN_UNINITIALIZED_AUTOS = YES_AGGRESSIVE;
				GCC_WARN_UNUSED_FUNCTION = YES;
				GCC_WARN_UNUSED_VARIABLE = YES;
				IPHONEOS_DEPLOYMENT_TARGET = 27.0;
				LOCALIZATION_PREFERS_STRING_CATALOGS = YES;
				MTL_ENABLE_DEBUG_INFO = NO;
				MTL_FAST_MATH = YES;
				SDKROOT = iphoneos;
				SWIFT_COMPILATION_MODE = wholemodule;
				VALIDATE_PRODUCT = YES;
			};
			name = Release;
		};
		55E1A11D3071DCB5000ECF0E /* Debug configuration for PBXNativeTarget "ShiftClash" */ = {
			isa = XCBuildConfiguration;
			buildSettings = {
				ASSETCATALOG_COMPILER_APPICON_NAME = AppIcon;
				ASSETCATALOG_COMPILER_GLOBAL_ACCENT_COLOR_NAME = AccentColor;
				CODE_SIGN_ENTITLEMENTS = ShiftClash/ShiftClash.entitlements;
				CODE_SIGN_STYLE = Automatic;
				CURRENT_PROJECT_VERSION = 1;
				DEVELOPMENT_TEAM = WVMW9Y3Y82;
				ENABLE_PREVIEWS = YES;
				GENERATE_INFOPLIST_FILE = YES;
				INFOPLIST_KEY_UIApplicationSceneManifest_Generation = YES;
				INFOPLIST_KEY_UIApplicationSupportsIndirectInputEvents = YES;
				INFOPLIST_KEY_UILaunchScreen_Generation = YES;
				INFOPLIST_KEY_UISupportedInterfaceOrientations_iPad = "UIInterfaceOrientationPortrait UIInterfaceOrientationPortraitUpsideDown UIInterfaceOrientationLandscapeLeft UIInterfaceOrientationLandscapeRight";
				INFOPLIST_KEY_UISupportedInterfaceOrientations_iPhone = "UIInterfaceOrientationPortrait UIInterfaceOrientationLandscapeLeft UIInterfaceOrientationLandscapeRight";
				LD_RUNPATH_SEARCH_PATHS = (
					"$(inherited)",
					"@executable_path/Frameworks",
				);
				MARKETING_VERSION = 1.0;
				PRODUCT_BUNDLE_IDENTIFIER = com.shashanknayak12.ShiftClash;
				PRODUCT_NAME = "$(TARGET_NAME)";
				REGISTER_APP_GROUPS = YES;
				STRING_CATALOG_GENERATE_SYMBOLS = YES;
				SWIFT_APPROACHABLE_CONCURRENCY = YES;
				SWIFT_DEFAULT_ACTOR_ISOLATION = MainActor;
				SWIFT_EMIT_LOC_STRINGS = YES;
				SWIFT_UPCOMING_FEATURE_MEMBER_IMPORT_VISIBILITY = YES;
				SWIFT_VERSION = 5.0;
				TARGETED_DEVICE_FAMILY = "1,2";
			};
			name = Debug;
		};
		55E1A11E3071DCB5000ECF0E /* Release configuration for PBXNativeTarget "ShiftClash" */ = {
			isa = XCBuildConfiguration;
			buildSettings = {
				ASSETCATALOG_COMPILER_APPICON_NAME = AppIcon;
				ASSETCATALOG_COMPILER_GLOBAL_ACCENT_COLOR_NAME = AccentColor;
				CODE_SIGN_ENTITLEMENTS = ShiftClash/ShiftClash.entitlements;
				CODE_SIGN_STYLE = Automatic;
				CURRENT_PROJECT_VERSION = 1;
				DEVELOPMENT_TEAM = WVMW9Y3Y82;
				ENABLE_PREVIEWS = YES;
				GENERATE_INFOPLIST_FILE = YES;
				INFOPLIST_KEY_UIApplicationSceneManifest_Generation = YES;
				INFOPLIST_KEY_UIApplicationSupportsIndirectInputEvents = YES;
				INFOPLIST_KEY_UILaunchScreen_Generation = YES;
				INFOPLIST_KEY_UISupportedInterfaceOrientations_iPad = "UIInterfaceOrientationPortrait UIInterfaceOrientationPortraitUpsideDown UIInterfaceOrientationLandscapeLeft UIInterfaceOrientationLandscapeRight";
				INFOPLIST_KEY_UISupportedInterfaceOrientations_iPhone = "UIInterfaceOrientationPortrait UIInterfaceOrientationLandscapeLeft UIInterfaceOrientationLandscapeRight";
				LD_RUNPATH_SEARCH_PATHS = (
					"$(inherited)",
					"@executable_path/Frameworks",
				);
				MARKETING_VERSION = 1.0;
				PRODUCT_BUNDLE_IDENTIFIER = com.shashanknayak12.ShiftClash;
				PRODUCT_NAME = "$(TARGET_NAME)";
				REGISTER_APP_GROUPS = YES;
				STRING_CATALOG_GENERATE_SYMBOLS = YES;
				SWIFT_APPROACHABLE_CONCURRENCY = YES;
				SWIFT_DEFAULT_ACTOR_ISOLATION = MainActor;
				SWIFT_EMIT_LOC_STRINGS = YES;
				SWIFT_UPCOMING_FEATURE_MEMBER_IMPORT_VISIBILITY = YES;
				SWIFT_VERSION = 5.0;
				TARGETED_DEVICE_FAMILY = "1,2";
			};
			name = Release;
		};
		55E1A1203071DCB5000ECF0E /* Debug configuration for PBXNativeTarget "ShiftClashTests" */ = {
			isa = XCBuildConfiguration;
			buildSettings = {
				BUNDLE_LOADER = "$(TEST_HOST)";
				CODE_SIGN_STYLE = Automatic;
				CURRENT_PROJECT_VERSION = 1;
				DEVELOPMENT_TEAM = WVMW9Y3Y82;
				GENERATE_INFOPLIST_FILE = YES;
				IPHONEOS_DEPLOYMENT_TARGET = 27.0;
				MARKETING_VERSION = 1.0;
				PRODUCT_BUNDLE_IDENTIFIER = com.shashanknayak12.ShiftClashTests;
				PRODUCT_NAME = "$(TARGET_NAME)";
				STRING_CATALOG_GENERATE_SYMBOLS = NO;
				SWIFT_APPROACHABLE_CONCURRENCY = YES;
				SWIFT_EMIT_LOC_STRINGS = NO;
				SWIFT_UPCOMING_FEATURE_MEMBER_IMPORT_VISIBILITY = YES;
				SWIFT_VERSION = 5.0;
				TARGETED_DEVICE_FAMILY = "1,2";
				TEST_HOST = "$(BUILT_PRODUCTS_DIR)/ShiftClash.app/$(BUNDLE_EXECUTABLE_FOLDER_PATH)/ShiftClash";
			};
			name = Debug;
		};
		55E1A1213071DCB5000ECF0E /* Release configuration for PBXNativeTarget "ShiftClashTests" */ = {
			isa = XCBuildConfiguration;
			buildSettings = {
				BUNDLE_LOADER = "$(TEST_HOST)";
				CODE_SIGN_STYLE = Automatic;
				CURRENT_PROJECT_VERSION = 1;
				DEVELOPMENT_TEAM = WVMW9Y3Y82;
				GENERATE_INFOPLIST_FILE = YES;
				IPHONEOS_DEPLOYMENT_TARGET = 27.0;
				MARKETING_VERSION = 1.0;
				PRODUCT_BUNDLE_IDENTIFIER = com.shashanknayak12.ShiftClashTests;
				PRODUCT_NAME = "$(TARGET_NAME)";
				STRING_CATALOG_GENERATE_SYMBOLS = NO;
				SWIFT_APPROACHABLE_CONCURRENCY = YES;
				SWIFT_EMIT_LOC_STRINGS = NO;
				SWIFT_UPCOMING_FEATURE_MEMBER_IMPORT_VISIBILITY = YES;
				SWIFT_VERSION = 5.0;
				TARGETED_DEVICE_FAMILY = "1,2";
				TEST_HOST = "$(BUILT_PRODUCTS_DIR)/ShiftClash.app/$(BUNDLE_EXECUTABLE_FOLDER_PATH)/ShiftClash";
			};
			name = Release;
		};
		55E1A1233071DCB5000ECF0E /* Debug configuration for PBXNativeTarget "ShiftClashUITests" */ = {
			isa = XCBuildConfiguration;
			buildSettings = {
				CODE_SIGN_STYLE = Automatic;
				CURRENT_PROJECT_VERSION = 1;
				DEVELOPMENT_TEAM = WVMW9Y3Y82;
				GENERATE_INFOPLIST_FILE = YES;
				MARKETING_VERSION = 1.0;
				PRODUCT_BUNDLE_IDENTIFIER = com.shashanknayak12.ShiftClashUITests;
				PRODUCT_NAME = "$(TARGET_NAME)";
				STRING_CATALOG_GENERATE_SYMBOLS = NO;
				SWIFT_APPROACHABLE_CONCURRENCY = YES;
				SWIFT_EMIT_LOC_STRINGS = NO;
				SWIFT_UPCOMING_FEATURE_MEMBER_IMPORT_VISIBILITY = YES;
				SWIFT_VERSION = 5.0;
				TARGETED_DEVICE_FAMILY = "1,2";
				TEST_TARGET_NAME = ShiftClash;
			};
			name = Debug;
		};
		55E1A1243071DCB5000ECF0E /* Release configuration for PBXNativeTarget "ShiftClashUITests" */ = {
			isa = XCBuildConfiguration;
			buildSettings = {
				CODE_SIGN_STYLE = Automatic;
				CURRENT_PROJECT_VERSION = 1;
				DEVELOPMENT_TEAM = WVMW9Y3Y82;
				GENERATE_INFOPLIST_FILE = YES;
				MARKETING_VERSION = 1.0;
				PRODUCT_BUNDLE_IDENTIFIER = com.shashanknayak12.ShiftClashUITests;
				PRODUCT_NAME = "$(TARGET_NAME)";
				STRING_CATALOG_GENERATE_SYMBOLS = NO;
				SWIFT_APPROACHABLE_CONCURRENCY = YES;
				SWIFT_EMIT_LOC_STRINGS = NO;
				SWIFT_UPCOMING_FEATURE_MEMBER_IMPORT_VISIBILITY = YES;
				SWIFT_VERSION = 5.0;
				TARGETED_DEVICE_FAMILY = "1,2";
				TEST_TARGET_NAME = ShiftClash;
			};
			name = Release;
		};
		55E1A15530732F0A000ECF0E /* Debug configuration for PBXNativeTarget "ShiftClashWidgetExtension" */ = {
			isa = XCBuildConfiguration;
			buildSettings = {
				ASSETCATALOG_COMPILER_GLOBAL_ACCENT_COLOR_NAME = AccentColor;
				ASSETCATALOG_COMPILER_WIDGET_BACKGROUND_COLOR_NAME = WidgetBackground;
				CODE_SIGN_ENTITLEMENTS = ShiftClashWidgetExtension.entitlements;
				CODE_SIGN_STYLE = Automatic;
				CURRENT_PROJECT_VERSION = 1;
				DEVELOPMENT_TEAM = WVMW9Y3Y82;
				GENERATE_INFOPLIST_FILE = YES;
				INFOPLIST_FILE = ShiftClashWidget/Info.plist;
				INFOPLIST_KEY_CFBundleDisplayName = ShiftClashWidget;
				INFOPLIST_KEY_NSHumanReadableCopyright = "";
				LD_RUNPATH_SEARCH_PATHS = (
					"$(inherited)",
					"@executable_path/Frameworks",
					"@executable_path/../../Frameworks",
				);
				MARKETING_VERSION = 1.0;
				PRODUCT_BUNDLE_IDENTIFIER = com.shashanknayak12.ShiftClash.ShiftClashWidget;
				PRODUCT_NAME = "$(TARGET_NAME)";
				REGISTER_APP_GROUPS = YES;
				SKIP_INSTALL = YES;
				STRING_CATALOG_GENERATE_SYMBOLS = YES;
				SWIFT_APPROACHABLE_CONCURRENCY = YES;
				SWIFT_EMIT_LOC_STRINGS = YES;
				SWIFT_UPCOMING_FEATURE_MEMBER_IMPORT_VISIBILITY = YES;
				SWIFT_VERSION = 5.0;
				TARGETED_DEVICE_FAMILY = "1,2";
			};
			name = Debug;
		};
		55E1A15630732F0A000ECF0E /* Release configuration for PBXNativeTarget "ShiftClashWidgetExtension" */ = {
			isa = XCBuildConfiguration;
			buildSettings = {
				ASSETCATALOG_COMPILER_GLOBAL_ACCENT_COLOR_NAME = AccentColor;
				ASSETCATALOG_COMPILER_WIDGET_BACKGROUND_COLOR_NAME = WidgetBackground;
				CODE_SIGN_ENTITLEMENTS = ShiftClashWidgetExtension.entitlements;
				CODE_SIGN_STYLE = Automatic;
				CURRENT_PROJECT_VERSION = 1;
				DEVELOPMENT_TEAM = WVMW9Y3Y82;
				GENERATE_INFOPLIST_FILE = YES;
				INFOPLIST_FILE = ShiftClashWidget/Info.plist;
				INFOPLIST_KEY_CFBundleDisplayName = ShiftClashWidget;
				INFOPLIST_KEY_NSHumanReadableCopyright = "";
				LD_RUNPATH_SEARCH_PATHS = (
					"$(inherited)",
					"@executable_path/Frameworks",
					"@executable_path/../../Frameworks",
				);
				MARKETING_VERSION = 1.0;
				PRODUCT_BUNDLE_IDENTIFIER = com.shashanknayak12.ShiftClash.ShiftClashWidget;
				PRODUCT_NAME = "$(TARGET_NAME)";
				REGISTER_APP_GROUPS = YES;
				SKIP_INSTALL = YES;
				STRING_CATALOG_GENERATE_SYMBOLS = YES;
				SWIFT_APPROACHABLE_CONCURRENCY = YES;
				SWIFT_EMIT_LOC_STRINGS = YES;
				SWIFT_UPCOMING_FEATURE_MEMBER_IMPORT_VISIBILITY = YES;
				SWIFT_VERSION = 5.0;
				TARGETED_DEVICE_FAMILY = "1,2";
			};
			name = Release;
		};
		55E1A16A30732F5B000ECF0E /* Debug configuration for PBXNativeTarget "ShiftClashShare" */ = {
			isa = XCBuildConfiguration;
			buildSettings = {
				CODE_SIGN_ENTITLEMENTS = ShiftClashShare/ShiftClashShare.entitlements;
				CODE_SIGN_STYLE = Automatic;
				CURRENT_PROJECT_VERSION = 1;
				DEVELOPMENT_TEAM = WVMW9Y3Y82;
				GENERATE_INFOPLIST_FILE = YES;
				INFOPLIST_FILE = ShiftClashShare/Info.plist;
				INFOPLIST_KEY_CFBundleDisplayName = ShiftClashShare;
				INFOPLIST_KEY_NSHumanReadableCopyright = "";
				LD_RUNPATH_SEARCH_PATHS = (
					"$(inherited)",
					"@executable_path/Frameworks",
					"@executable_path/../../Frameworks",
				);
				MARKETING_VERSION = 1.0;
				PRODUCT_BUNDLE_IDENTIFIER = com.shashanknayak12.ShiftClash.ShiftClashShare;
				PRODUCT_NAME = "$(TARGET_NAME)";
				REGISTER_APP_GROUPS = YES;
				SKIP_INSTALL = YES;
				STRING_CATALOG_GENERATE_SYMBOLS = YES;
				SWIFT_APPROACHABLE_CONCURRENCY = YES;
				SWIFT_EMIT_LOC_STRINGS = YES;
				SWIFT_UPCOMING_FEATURE_MEMBER_IMPORT_VISIBILITY = YES;
				SWIFT_VERSION = 5.0;
				TARGETED_DEVICE_FAMILY = "1,2";
			};
			name = Debug;
		};
		55E1A16B30732F5B000ECF0E /* Release configuration for PBXNativeTarget "ShiftClashShare" */ = {
			isa = XCBuildConfiguration;
			buildSettings = {
				CODE_SIGN_ENTITLEMENTS = ShiftClashShare/ShiftClashShare.entitlements;
				CODE_SIGN_STYLE = Automatic;
				CURRENT_PROJECT_VERSION = 1;
				DEVELOPMENT_TEAM = WVMW9Y3Y82;
				GENERATE_INFOPLIST_FILE = YES;
				INFOPLIST_FILE = ShiftClashShare/Info.plist;
				INFOPLIST_KEY_CFBundleDisplayName = ShiftClashShare;
				INFOPLIST_KEY_NSHumanReadableCopyright = "";
				LD_RUNPATH_SEARCH_PATHS = (
					"$(inherited)",
					"@executable_path/Frameworks",
					"@executable_path/../../Frameworks",
				);
				MARKETING_VERSION = 1.0;
				PRODUCT_BUNDLE_IDENTIFIER = com.shashanknayak12.ShiftClash.ShiftClashShare;
				PRODUCT_NAME = "$(TARGET_NAME)";
				REGISTER_APP_GROUPS = YES;
				SKIP_INSTALL = YES;
				STRING_CATALOG_GENERATE_SYMBOLS = YES;
				SWIFT_APPROACHABLE_CONCURRENCY = YES;
				SWIFT_EMIT_LOC_STRINGS = YES;
				SWIFT_UPCOMING_FEATURE_MEMBER_IMPORT_VISIBILITY = YES;
				SWIFT_VERSION = 5.0;
				TARGETED_DEVICE_FAMILY = "1,2";
			};
			name = Release;
		};
/* End XCBuildConfiguration section */

/* Begin XCConfigurationList section */
		55E1A0F83071DCB4000ECF0E /* Build configuration list for PBXProject "ShiftClash" */ = {
			isa = XCConfigurationList;
			buildConfigurations = (
				55E1A11A3071DCB5000ECF0E /* Debug configuration for PBXProject "ShiftClash" */,
				55E1A11B3071DCB5000ECF0E /* Release configuration for PBXProject "ShiftClash" */,
			);
			defaultConfigurationName = Release;
		};
		55E1A11C3071DCB5000ECF0E /* Build configuration list for PBXNativeTarget "ShiftClash" */ = {
			isa = XCConfigurationList;
			buildConfigurations = (
				55E1A11D3071DCB5000ECF0E /* Debug configuration for PBXNativeTarget "ShiftClash" */,
				55E1A11E3071DCB5000ECF0E /* Release configuration for PBXNativeTarget "ShiftClash" */,
			);
			defaultConfigurationName = Release;
		};
		55E1A11F3071DCB5000ECF0E /* Build configuration list for PBXNativeTarget "ShiftClashTests" */ = {
			isa = XCConfigurationList;
			buildConfigurations = (
				55E1A1203071DCB5000ECF0E /* Debug configuration for PBXNativeTarget "ShiftClashTests" */,
				55E1A1213071DCB5000ECF0E /* Release configuration for PBXNativeTarget "ShiftClashTests" */,
			);
			defaultConfigurationName = Release;
		};
		55E1A1223071DCB5000ECF0E /* Build configuration list for PBXNativeTarget "ShiftClashUITests" */ = {
			isa = XCConfigurationList;
			buildConfigurations = (
				55E1A1233071DCB5000ECF0E /* Debug configuration for PBXNativeTarget "ShiftClashUITests" */,
				55E1A1243071DCB5000ECF0E /* Release configuration for PBXNativeTarget "ShiftClashUITests" */,
			);
			defaultConfigurationName = Release;
		};
		55E1A15430732F0A000ECF0E /* Build configuration list for PBXNativeTarget "ShiftClashWidgetExtension" */ = {
			isa = XCConfigurationList;
			buildConfigurations = (
				55E1A15530732F0A000ECF0E /* Debug configuration for PBXNativeTarget "ShiftClashWidgetExtension" */,
				55E1A15630732F0A000ECF0E /* Release configuration for PBXNativeTarget "ShiftClashWidgetExtension" */,
			);
			defaultConfigurationName = Release;
		};
		55E1A16930732F5B000ECF0E /* Build configuration list for PBXNativeTarget "ShiftClashShare" */ = {
			isa = XCConfigurationList;
			buildConfigurations = (
				55E1A16A30732F5B000ECF0E /* Debug configuration for PBXNativeTarget "ShiftClashShare" */,
				55E1A16B30732F5B000ECF0E /* Release configuration for PBXNativeTarget "ShiftClashShare" */,
			);
			defaultConfigurationName = Release;
		};
/* End XCConfigurationList section */

/* Begin XCVersionGroup section */
		55E1A19B3074B4E6000ECF0E /* ShiftClash.xcdatamodeld */ = {
			isa = XCVersionGroup;
			children = (
				55E1A19C3074B4E6000ECF0E /* ShiftClash.xcdatamodel */,
			);
			currentVersion = 55E1A19C3074B4E6000ECF0E /* ShiftClash.xcdatamodel */;
			path = ShiftClash.xcdatamodeld;
			sourceTree = "<group>";
			versionGroupType = wrapper.xcdatamodel;
		};
/* End XCVersionGroup section */
	};
	rootObject = 55E1A0F53071DCB4000ECF0E /* Project object */;
	validationLevel = 1;
}
